Microsoft Visual Studio Solution File, Format Version 12.00
# Visual Studio 14
VisualStudioVersion = 14.0.25123.0
MinimumVisualStudioVersion = 10.0.40219.1
Project("{2150E333-8FDC-42A3-9474-1A3956D46DE8}") = "Configuration", "Configuration", "<%= configFolder %>"
	ProjectSection(SolutionItems) = preProject
		gulp-config.js = gulp-config.js
		gulpfile-ci.js = gulpfile-ci.js
		gulpfile.js = gulpfile.js
		package.json = package.json
		publishsettings.targets = publishsettings.targets
		TdsGlobal.config = TdsGlobal.config
	EndProjectSection
EndProject
Project("{2150E333-8FDC-42A3-9474-1A3956D46DE8}") = "Feature", "Feature", "<%= featureFolder %>"
EndProject
Project("{2150E333-8FDC-42A3-9474-1A3956D46DE8}") = "Foundation", "Foundation", "<%= foundationFolder %>"
EndProject
Project("{2150E333-8FDC-42A3-9474-1A3956D46DE8}") = "Project", "Project", "<%= projectFolder %>"
EndProject
Project("{2150E333-8FDC-42A3-9474-1A3956D46DE8}") = "<%= solutionName %>", "<%= solutionName %>", "<%= solutionFolder %>"
EndProject
Project("{FAE04EC0-301F-11D3-BF4B-00C04F79EFBC}") = "<%= solutionName %>.Website", "src\Project\<%= solutionName %>\code\<%= solutionName %>.Website.csproj", "<%= projectGuid %>"
EndProject
<% if (createTdsProject) { %>
Project("{CAA73BB0-EF22-4D79-A57E-DF67B3BA9C80}") = "<%= solutionName %>.Website.Master", "src\Project\<%= solutionName %>\tds\<%= solutionName %>.Website.Master\<%= solutionName %>.Website.Master.scproj", "<%= tdsGuid %>"
EndProject
<% } %>

Global
	GlobalSection(SolutionProperties) = preSolution
		HideSolutionNode = FALSE
	EndGlobalSection
	GlobalSection(ProjectConfigurationPlatforms) = postSolution
		<%= projectGuid %>.Debug|Any CPU.ActiveCfg = Debug|Any CPU
		<%= projectGuid %>.Debug|Any CPU.Build.0 = Debug|Any CPU
		<%= projectGuid %>.Release|Any CPU.ActiveCfg = Release|Any CPU
		<%= projectGuid %>.Release|Any CPU.Build.0 = Release|Any CPU
		<%= tdsGuid %>.Debug|Any CPU.ActiveCfg = Debug|Any CPU
		<%= tdsGuid %>.Debug|Any CPU.Build.0 = Debug|Any CPU
		<%= tdsGuid %>.Debug|Any CPU.Deploy.0 = Debug|Any CPU
		<%= tdsGuid %>.Release|Any CPU.ActiveCfg = Release|Any CPU
		<%= tdsGuid %>.Release|Any CPU.Build.0 = Release|Any CPU
		<%= tdsGuid %>.Release|Any CPU.Deploy.0 = Release|Any CPU
	EndGlobalSection
	GlobalSection(NestedProjects) = preSolution
		<%= solutionFolder %> = <%= projectFolder %>
		<%= projectGuid %> = <%= solutionFolder %>
		<%= tdsGuid %> = <%= solutionFolder %>
	EndGlobalSection
EndGlobal
